
Microsoft Visual Studio Solution File, Format Version 12.00
# Visual Studio Version 16
VisualStudioVersion = 16.0.29020.237
MinimumVisualStudioVersion = 10.0.40219.1
Project("{FAE04EC0-301F-11D3-BF4B-00C04F79EFBC}") = "NodeGanttChart", "NodeGanttChart\NodeGanttChart.csproj", "{9BDE560D-2EEE-4E80-8CBD-62CD0019A946}"
EndProject
Global
	GlobalSection(SolutionConfigurationPlatforms) = preSolution
		Debug|Any CPU = Debug|Any CPU
		Release|Any CPU = Release|Any CPU
	EndGlobalSection
	GlobalSection(ProjectConfigurationPlatforms) = postSolution
		{9BDE560D-2EEE-4E80-8CBD-62CD0019A946}.Debug|Any CPU.ActiveCfg = Debug|Any CPU
		{9BDE560D-2EEE-4E80-8CBD-62CD0019A946}.Debug|Any CPU.Build.0 = Debug|Any CPU
		{9BDE560D-2EEE-4E80-8CBD-62CD0019A946}.Release|Any CPU.ActiveCfg = Release|Any CPU
		{9BDE560D-2EEE-4E80-8CBD-62CD0019A946}.Release|Any CPU.Build.0 = Release|Any CPU
	EndGlobalSection
	GlobalSection(SolutionProperties) = preSolution
		HideSolutionNode = FALSE
	EndGlobalSection
	GlobalSection(ExtensibilityGlobals) = postSolution
		SolutionGuid = {EF0DCBE5-DEA7-4F94-8657-B18751481531}
	EndGlobalSection
EndGlobal
